
Microsoft Visual Studio Solution File, Format Version 12.00
# Visual Studio 15
VisualStudioVersion = 15.0.28010.2019
MinimumVisualStudioVersion = 10.0.40219.1
Project("{FAE04EC0-301F-11D3-BF4B-00C04F79EFBC}") = "MessageCenter", "MessageCenter\MessageCenter.csproj", "{7DF0D27B-B5B7-422D-8AE6-1A991CCDAEC6}"
EndProject
Project("{FAE04EC0-301F-11D3-BF4B-00C04F79EFBC}") = "MessageCenterDataApi", "MessageCenterDataApi\MessageCenterDataApi.csproj", "{4842204F-C83C-4727-8A55-EB24B64EB71D}"
EndProject
Global
	GlobalSection(SolutionConfigurationPlatforms) = preSolution
		Debug|Any CPU = Debug|Any CPU
		Release|Any CPU = Release|Any CPU
	EndGlobalSection
	GlobalSection(ProjectConfigurationPlatforms) = postSolution
		{7DF0D27B-B5B7-422D-8AE6-1A991CCDAEC6}.Debug|Any CPU.ActiveCfg = Debug|Any CPU
		{7DF0D27B-B5B7-422D-8AE6-1A991CCDAEC6}.Debug|Any CPU.Build.0 = Debug|Any CPU
		{7DF0D27B-B5B7-422D-8AE6-1A991CCDAEC6}.Release|Any CPU.ActiveCfg = Release|Any CPU
		{7DF0D27B-B5B7-422D-8AE6-1A991CCDAEC6}.Release|Any CPU.Build.0 = Release|Any CPU
		{4842204F-C83C-4727-8A55-EB24B64EB71D}.Debug|Any CPU.ActiveCfg = Debug|Any CPU
		{4842204F-C83C-4727-8A55-EB24B64EB71D}.Debug|Any CPU.Build.0 = Debug|Any CPU
		{4842204F-C83C-4727-8A55-EB24B64EB71D}.Release|Any CPU.ActiveCfg = Release|Any CPU
		{4842204F-C83C-4727-8A55-EB24B64EB71D}.Release|Any CPU.Build.0 = Release|Any CPU
	EndGlobalSection
	GlobalSection(SolutionProperties) = preSolution
		HideSolutionNode = FALSE
	EndGlobalSection
	GlobalSection(ExtensibilityGlobals) = postSolution
		SolutionGuid = {715893C0-E4CD-42F2-801A-B205ABB60719}
	EndGlobalSection
EndGlobal
